// !$*UTF8*$!
{
	archiveVersion = 1;
	classes = {
	};
	objectVersion = 56;
	objects = {

/* Begin PBXBuildFile section */
		08240B6E2B9B2E2B00B7750F /* FDTextField.swift in Sources */ = {isa = PBXBuildFile; fileRef = 08240B6D2B9B2E2B00B7750F /* FDTextField.swift */; };
		08240B732B9B335500B7750F /* LoginPresenter.swift in Sources */ = {isa = PBXBuildFile; fileRef = 08240B722B9B335500B7750F /* LoginPresenter.swift */; };
		083EF8AC2CC4629000578C44 /* FoodCategory.swift in Sources */ = {isa = PBXBuildFile; fileRef = 083EF8AB2CC4628800578C44 /* FoodCategory.swift */; };
		083EF8B12CC4636100578C44 /* HomePresenter.swift in Sources */ = {isa = PBXBuildFile; fileRef = 083EF8B02CC4635800578C44 /* HomePresenter.swift */; };
		08537F512BC298BB00164D46 /* LoginCoordinator.swift in Sources */ = {isa = PBXBuildFile; fileRef = 08537F502BC298BB00164D46 /* LoginCoordinator.swift */; };
		087CB8712B683A940076414D /* Coordinator.swift in Sources */ = {isa = PBXBuildFile; fileRef = 087CB8702B683A940076414D /* Coordinator.swift */; };
		087CB8732B6842570076414D /* AppCoordinator.swift in Sources */ = {isa = PBXBuildFile; fileRef = 087CB8722B6842570076414D /* AppCoordinator.swift */; };
		087CB8752B68432D0076414D /* OnboardingCoordinator.swift in Sources */ = {isa = PBXBuildFile; fileRef = 087CB8742B68432D0076414D /* OnboardingCoordinator.swift */; };
		087CB8772B6846E50076414D /* HomeCoordinator.swift in Sources */ = {isa = PBXBuildFile; fileRef = 087CB8762B6846E50076414D /* HomeCoordinator.swift */; };
		087CB8792B6847060076414D /* OrderCoordinator.swift in Sources */ = {isa = PBXBuildFile; fileRef = 087CB8782B6847060076414D /* OrderCoordinator.swift */; };
		087CB87B2B68472A0076414D /* ListCoordinator.swift in Sources */ = {isa = PBXBuildFile; fileRef = 087CB87A2B68472A0076414D /* ListCoordinator.swift */; };
		087CB87D2B6847470076414D /* ProfileCoordinator.swift in Sources */ = {isa = PBXBuildFile; fileRef = 087CB87C2B6847470076414D /* ProfileCoordinator.swift */; };
		087CB87F2B6847690076414D /* TabBarController.swift in Sources */ = {isa = PBXBuildFile; fileRef = 087CB87E2B6847690076414D /* TabBarController.swift */; };
		08ADF0512B97B14D0006A502 /* FDButton.swift in Sources */ = {isa = PBXBuildFile; fileRef = 08ADF0502B97B14D0006A502 /* FDButton.swift */; };
		08B786052BE7B5B4000E3C2E /* BigHCViewCell.swift in Sources */ = {isa = PBXBuildFile; fileRef = 08B786042BE7B5B4000E3C2E /* BigHCViewCell.swift */; };
		08B786072BE7BA64000E3C2E /* BigVCViewCell.swift in Sources */ = {isa = PBXBuildFile; fileRef = 08B786062BE7BA64000E3C2E /* BigVCViewCell.swift */; };
		08D196162B6E39EB001049D6 /* OnboardingViewController.swift in Sources */ = {isa = PBXBuildFile; fileRef = 08D196152B6E39EB001049D6 /* OnboardingViewController.swift */; };
		08D196182B6E3A18001049D6 /* OnboardingViewPresenter.swift in Sources */ = {isa = PBXBuildFile; fileRef = 08D196172B6E3A18001049D6 /* OnboardingViewPresenter.swift */; };
		08D1961F2B6E43D4001049D6 /* OnboardingPartViewController.swift in Sources */ = {isa = PBXBuildFile; fileRef = 08D1961E2B6E43D4001049D6 /* OnboardingPartViewController.swift */; };
		08D2EC9A2B7808F70075BB8B /* SceneFactory.swift in Sources */ = {isa = PBXBuildFile; fileRef = 08D2EC992B7808F70075BB8B /* SceneFactory.swift */; };
		08D450212B76B9ED00E89AB1 /* UserStorage.swift in Sources */ = {isa = PBXBuildFile; fileRef = 08D450202B76B9ED00E89AB1 /* UserStorage.swift */; };
		08E031662C0CBB240005074B /* FDSearchField.swift in Sources */ = {isa = PBXBuildFile; fileRef = 08E031652C0CBB240005074B /* FDSearchField.swift */; };
		08E031682C0CC7960005074B /* FDCollectionTitle.swift in Sources */ = {isa = PBXBuildFile; fileRef = 08E031672C0CC7960005074B /* FDCollectionTitle.swift */; };
		08E16AB32B64453C001BEB83 /* AppDelegate.swift in Sources */ = {isa = PBXBuildFile; fileRef = 08E16AB22B64453C001BEB83 /* AppDelegate.swift */; };
		08E16AB52B64453C001BEB83 /* SceneDelegate.swift in Sources */ = {isa = PBXBuildFile; fileRef = 08E16AB42B64453C001BEB83 /* SceneDelegate.swift */; };
		08E16AB72B64453C001BEB83 /* ViewController.swift in Sources */ = {isa = PBXBuildFile; fileRef = 08E16AB62B64453C001BEB83 /* ViewController.swift */; };
		08E16ABC2B644542001BEB83 /* Assets.xcassets in Resources */ = {isa = PBXBuildFile; fileRef = 08E16ABB2B644542001BEB83 /* Assets.xcassets */; };
		08E16ABF2B644542001BEB83 /* LaunchScreen.storyboard in Resources */ = {isa = PBXBuildFile; fileRef = 08E16ABD2B644542001BEB83 /* LaunchScreen.storyboard */; };
		08E16AD62B644A8A001BEB83 /* LICENSE.txt in Resources */ = {isa = PBXBuildFile; fileRef = 08E16AC92B644A88001BEB83 /* LICENSE.txt */; };
		08E16AD72B644A8A001BEB83 /* Roboto-Black.ttf in Resources */ = {isa = PBXBuildFile; fileRef = 08E16ACA2B644A89001BEB83 /* Roboto-Black.ttf */; };
		08E16AD82B644A8A001BEB83 /* Roboto-BlackItalic.ttf in Resources */ = {isa = PBXBuildFile; fileRef = 08E16ACB2B644A89001BEB83 /* Roboto-BlackItalic.ttf */; };
		08E16AD92B644A8A001BEB83 /* Roboto-Bold.ttf in Resources */ = {isa = PBXBuildFile; fileRef = 08E16ACC2B644A8A001BEB83 /* Roboto-Bold.ttf */; };
		08E16ADA2B644A8A001BEB83 /* Roboto-BoldItalic.ttf in Resources */ = {isa = PBXBuildFile; fileRef = 08E16ACD2B644A8A001BEB83 /* Roboto-BoldItalic.ttf */; };
		08E16ADB2B644A8A001BEB83 /* Roboto-Italic.ttf in Resources */ = {isa = PBXBuildFile; fileRef = 08E16ACE2B644A8A001BEB83 /* Roboto-Italic.ttf */; };
		08E16ADC2B644A8A001BEB83 /* Roboto-Light.ttf in Resources */ = {isa = PBXBuildFile; fileRef = 08E16ACF2B644A8A001BEB83 /* Roboto-Light.ttf */; };
		08E16ADD2B644A8A001BEB83 /* Roboto-LightItalic.ttf in Resources */ = {isa = PBXBuildFile; fileRef = 08E16AD02B644A8A001BEB83 /* Roboto-LightItalic.ttf */; };
		08E16ADE2B644A8A001BEB83 /* Roboto-Medium.ttf in Resources */ = {isa = PBXBuildFile; fileRef = 08E16AD12B644A8A001BEB83 /* Roboto-Medium.ttf */; };
		08E16ADF2B644A8A001BEB83 /* Roboto-MediumItalic.ttf in Resources */ = {isa = PBXBuildFile; fileRef = 08E16AD22B644A8A001BEB83 /* Roboto-MediumItalic.ttf */; };
		08E16AE02B644A8A001BEB83 /* Roboto-Regular.ttf in Resources */ = {isa = PBXBuildFile; fileRef = 08E16AD32B644A8A001BEB83 /* Roboto-Regular.ttf */; };
		08E16AE12B644A8A001BEB83 /* Roboto-Thin.ttf in Resources */ = {isa = PBXBuildFile; fileRef = 08E16AD42B644A8A001BEB83 /* Roboto-Thin.ttf */; };
		08E16AE22B644A8A001BEB83 /* Roboto-ThinItalic.ttf in Resources */ = {isa = PBXBuildFile; fileRef = 08E16AD52B644A8A001BEB83 /* Roboto-ThinItalic.ttf */; };
		08E16AE52B644BB7001BEB83 /* UIFont+Extension.swift in Sources */ = {isa = PBXBuildFile; fileRef = 08E16AE42B644BB7001BEB83 /* UIFont+Extension.swift */; };
		08E16AE72B644F7D001BEB83 /* UIColor+Extension.swift in Sources */ = {isa = PBXBuildFile; fileRef = 08E16AE62B644F7D001BEB83 /* UIColor+Extension.swift */; };
		08E16AE92B644FE2001BEB83 /* AppColors.swift in Sources */ = {isa = PBXBuildFile; fileRef = 08E16AE82B644FE2001BEB83 /* AppColors.swift */; };
		08F60AF32BC2CA1700581278 /* HomeViewController.swift in Sources */ = {isa = PBXBuildFile; fileRef = 08F60AF22BC2CA1700581278 /* HomeViewController.swift */; };
		08F60AF62BC2CD7600581278 /* SmallHCViewCell.swift in Sources */ = {isa = PBXBuildFile; fileRef = 08F60AF52BC2CD7600581278 /* SmallHCViewCell.swift */; };
		08FC6F302B8A3C38000EBB5F /* LoginViewController.swift in Sources */ = {isa = PBXBuildFile; fileRef = 08FC6F2F2B8A3C38000EBB5F /* LoginViewController.swift */; };
		08FC6F352B8A3CF4000EBB5F /* FDBottomView.swift in Sources */ = {isa = PBXBuildFile; fileRef = 08FC6F342B8A3CF4000EBB5F /* FDBottomView.swift */; };
/* End PBXBuildFile section */

/* Begin PBXFileReference section */
		08240B6D2B9B2E2B00B7750F /* FDTextField.swift */ = {isa = PBXFileReference; lastKnownFileType = sourcecode.swift; path = FDTextField.swift; sourceTree = "<group>"; };
		08240B722B9B335500B7750F /* LoginPresenter.swift */ = {isa = PBXFileReference; fileEncoding = 4; lastKnownFileType = sourcecode.swift; path = LoginPresenter.swift; sourceTree = "<group>"; };
		083EF8AB2CC4628800578C44 /* FoodCategory.swift */ = {isa = PBXFileReference; lastKnownFileType = sourcecode.swift; path = FoodCategory.swift; sourceTree = "<group>"; };
		083EF8B02CC4635800578C44 /* HomePresenter.swift */ = {isa = PBXFileReference; lastKnownFileType = sourcecode.swift; path = HomePresenter.swift; sourceTree = "<group>"; };
		08537F502BC298BB00164D46 /* LoginCoordinator.swift */ = {isa = PBXFileReference; lastKnownFileType = sourcecode.swift; path = LoginCoordinator.swift; sourceTree = "<group>"; };
		087CB8702B683A940076414D /* Coordinator.swift */ = {isa = PBXFileReference; lastKnownFileType = sourcecode.swift; path = Coordinator.swift; sourceTree = "<group>"; };
		087CB8722B6842570076414D /* AppCoordinator.swift */ = {isa = PBXFileReference; lastKnownFileType = sourcecode.swift; path = AppCoordinator.swift; sourceTree = "<group>"; };
		087CB8742B68432D0076414D /* OnboardingCoordinator.swift */ = {isa = PBXFileReference; lastKnownFileType = sourcecode.swift; path = OnboardingCoordinator.swift; sourceTree = "<group>"; };
		087CB8762B6846E50076414D /* HomeCoordinator.swift */ = {isa = PBXFileReference; lastKnownFileType = sourcecode.swift; path = HomeCoordinator.swift; sourceTree = "<group>"; };
		087CB8782B6847060076414D /* OrderCoordinator.swift */ = {isa = PBXFileReference; lastKnownFileType = sourcecode.swift; path = OrderCoordinator.swift; sourceTree = "<group>"; };
		087CB87A2B68472A0076414D /* ListCoordinator.swift */ = {isa = PBXFileReference; lastKnownFileType = sourcecode.swift; path = ListCoordinator.swift; sourceTree = "<group>"; };
		087CB87C2B6847470076414D /* ProfileCoordinator.swift */ = {isa = PBXFileReference; lastKnownFileType = sourcecode.swift; path = ProfileCoordinator.swift; sourceTree = "<group>"; };
		087CB87E2B6847690076414D /* TabBarController.swift */ = {isa = PBXFileReference; lastKnownFileType = sourcecode.swift; path = TabBarController.swift; sourceTree = "<group>"; };
		08ADF0502B97B14D0006A502 /* FDButton.swift */ = {isa = PBXFileReference; lastKnownFileType = sourcecode.swift; path = FDButton.swift; sourceTree = "<group>"; };
		08B786042BE7B5B4000E3C2E /* BigHCViewCell.swift */ = {isa = PBXFileReference; lastKnownFileType = sourcecode.swift; path = BigHCViewCell.swift; sourceTree = "<group>"; };
		08B786062BE7BA64000E3C2E /* BigVCViewCell.swift */ = {isa = PBXFileReference; lastKnownFileType = sourcecode.swift; path = BigVCViewCell.swift; sourceTree = "<group>"; };
		08D196152B6E39EB001049D6 /* OnboardingViewController.swift */ = {isa = PBXFileReference; lastKnownFileType = sourcecode.swift; path = OnboardingViewController.swift; sourceTree = "<group>"; };
		08D196172B6E3A18001049D6 /* OnboardingViewPresenter.swift */ = {isa = PBXFileReference; lastKnownFileType = sourcecode.swift; path = OnboardingViewPresenter.swift; sourceTree = "<group>"; };
		08D1961E2B6E43D4001049D6 /* OnboardingPartViewController.swift */ = {isa = PBXFileReference; lastKnownFileType = sourcecode.swift; path = OnboardingPartViewController.swift; sourceTree = "<group>"; };
		08D2EC992B7808F70075BB8B /* SceneFactory.swift */ = {isa = PBXFileReference; lastKnownFileType = sourcecode.swift; path = SceneFactory.swift; sourceTree = "<group>"; };
		08D450202B76B9ED00E89AB1 /* UserStorage.swift */ = {isa = PBXFileReference; lastKnownFileType = sourcecode.swift; path = UserStorage.swift; sourceTree = "<group>"; };
		08E031652C0CBB240005074B /* FDSearchField.swift */ = {isa = PBXFileReference; lastKnownFileType = sourcecode.swift; path = FDSearchField.swift; sourceTree = "<group>"; };
		08E031672C0CC7960005074B /* FDCollectionTitle.swift */ = {isa = PBXFileReference; lastKnownFileType = sourcecode.swift; path = FDCollectionTitle.swift; sourceTree = "<group>"; };
		08E16AAF2B64453C001BEB83 /* FoodDeliveryApp.app */ = {isa = PBXFileReference; explicitFileType = wrapper.application; includeInIndex = 0; path = FoodDeliveryApp.app; sourceTree = BUILT_PRODUCTS_DIR; };
		08E16AB22B64453C001BEB83 /* AppDelegate.swift */ = {isa = PBXFileReference; lastKnownFileType = sourcecode.swift; path = AppDelegate.swift; sourceTree = "<group>"; };
		08E16AB42B64453C001BEB83 /* SceneDelegate.swift */ = {isa = PBXFileReference; lastKnownFileType = sourcecode.swift; path = SceneDelegate.swift; sourceTree = "<group>"; };
		08E16AB62B64453C001BEB83 /* ViewController.swift */ = {isa = PBXFileReference; lastKnownFileType = sourcecode.swift; path = ViewController.swift; sourceTree = "<group>"; };
		08E16ABB2B644542001BEB83 /* Assets.xcassets */ = {isa = PBXFileReference; lastKnownFileType = folder.assetcatalog; path = Assets.xcassets; sourceTree = "<group>"; };
		08E16ABE2B644542001BEB83 /* Base */ = {isa = PBXFileReference; lastKnownFileType = file.storyboard; name = Base; path = Base.lproj/LaunchScreen.storyboard; sourceTree = "<group>"; };
		08E16AC02B644542001BEB83 /* Info.plist */ = {isa = PBXFileReference; lastKnownFileType = text.plist.xml; path = Info.plist; sourceTree = "<group>"; };
		08E16AC92B644A88001BEB83 /* LICENSE.txt */ = {isa = PBXFileReference; fileEncoding = 4; lastKnownFileType = text; path = LICENSE.txt; sourceTree = "<group>"; };
		08E16ACA2B644A89001BEB83 /* Roboto-Black.ttf */ = {isa = PBXFileReference; lastKnownFileType = file; path = "Roboto-Black.ttf"; sourceTree = "<group>"; };
		08E16ACB2B644A89001BEB83 /* Roboto-BlackItalic.ttf */ = {isa = PBXFileReference; lastKnownFileType = file; path = "Roboto-BlackItalic.ttf"; sourceTree = "<group>"; };
		08E16ACC2B644A8A001BEB83 /* Roboto-Bold.ttf */ = {isa = PBXFileReference; lastKnownFileType = file; path = "Roboto-Bold.ttf"; sourceTree = "<group>"; };
		08E16ACD2B644A8A001BEB83 /* Roboto-BoldItalic.ttf */ = {isa = PBXFileReference; lastKnownFileType = file; path = "Roboto-BoldItalic.ttf"; sourceTree = "<group>"; };
		08E16ACE2B644A8A001BEB83 /* Roboto-Italic.ttf */ = {isa = PBXFileReference; lastKnownFileType = file; path = "Roboto-Italic.ttf"; sourceTree = "<group>"; };
		08E16ACF2B644A8A001BEB83 /* Roboto-Light.ttf */ = {isa = PBXFileReference; lastKnownFileType = file; path = "Roboto-Light.ttf"; sourceTree = "<group>"; };
		08E16AD02B644A8A001BEB83 /* Roboto-LightItalic.ttf */ = {isa = PBXFileReference; lastKnownFileType = file; path = "Roboto-LightItalic.ttf"; sourceTree = "<group>"; };
		08E16AD12B644A8A001BEB83 /* Roboto-Medium.ttf */ = {isa = PBXFileReference; lastKnownFileType = file; path = "Roboto-Medium.ttf"; sourceTree = "<group>"; };
		08E16AD22B644A8A001BEB83 /* Roboto-MediumItalic.ttf */ = {isa = PBXFileReference; lastKnownFileType = file; path = "Roboto-MediumItalic.ttf"; sourceTree = "<group>"; };
		08E16AD32B644A8A001BEB83 /* Roboto-Regular.ttf */ = {isa = PBXFileReference; lastKnownFileType = file; path = "Roboto-Regular.ttf"; sourceTree = "<group>"; };
		08E16AD42B644A8A001BEB83 /* Roboto-Thin.ttf */ = {isa = PBXFileReference; lastKnownFileType = file; path = "Roboto-Thin.ttf"; sourceTree = "<group>"; };
		08E16AD52B644A8A001BEB83 /* Roboto-ThinItalic.ttf */ = {isa = PBXFileReference; lastKnownFileType = file; path = "Roboto-ThinItalic.ttf"; sourceTree = "<group>"; };
		08E16AE42B644BB7001BEB83 /* UIFont+Extension.swift */ = {isa = PBXFileReference; lastKnownFileType = sourcecode.swift; path = "UIFont+Extension.swift"; sourceTree = "<group>"; };
		08E16AE62B644F7D001BEB83 /* UIColor+Extension.swift */ = {isa = PBXFileReference; lastKnownFileType = sourcecode.swift; path = "UIColor+Extension.swift"; sourceTree = "<group>"; };
		08E16AE82B644FE2001BEB83 /* AppColors.swift */ = {isa = PBXFileReference; lastKnownFileType = sourcecode.swift; path = AppColors.swift; sourceTree = "<group>"; };
		08F60AF22BC2CA1700581278 /* HomeViewController.swift */ = {isa = PBXFileReference; lastKnownFileType = sourcecode.swift; path = HomeViewController.swift; sourceTree = "<group>"; };
		08F60AF52BC2CD7600581278 /* SmallHCViewCell.swift */ = {isa = PBXFileReference; lastKnownFileType = sourcecode.swift; path = SmallHCViewCell.swift; sourceTree = "<group>"; };
		08FC6F2F2B8A3C38000EBB5F /* LoginViewController.swift */ = {isa = PBXFileReference; lastKnownFileType = sourcecode.swift; path = LoginViewController.swift; sourceTree = "<group>"; };
		08FC6F342B8A3CF4000EBB5F /* FDBottomView.swift */ = {isa = PBXFileReference; lastKnownFileType = sourcecode.swift; path = FDBottomView.swift; sourceTree = "<group>"; };
/* End PBXFileReference section */

/* Begin PBXFrameworksBuildPhase section */
		08E16AAC2B64453C001BEB83 /* Frameworks */ = {
			isa = PBXFrameworksBuildPhase;
			buildActionMask = 2147483647;
			files = (
			);
			runOnlyForDeploymentPostprocessing = 0;
		};
/* End PBXFrameworksBuildPhase section */

/* Begin PBXGroup section */
		08240B712B9B332A00B7750F /* Presenters */ = {
			isa = PBXGroup;
			children = (
				08240B722B9B335500B7750F /* LoginPresenter.swift */,
			);
			path = Presenters;
			sourceTree = "<group>";
		};
		083EF8AA2CC4627300578C44 /* Models */ = {
			isa = PBXGroup;
			children = (
				083EF8AB2CC4628800578C44 /* FoodCategory.swift */,
			);
			path = Models;
			sourceTree = "<group>";
		};
		083EF8AD2CC4634800578C44 /* Presenters */ = {
			isa = PBXGroup;
			children = (
				083EF8B02CC4635800578C44 /* HomePresenter.swift */,
			);
			path = Presenters;
			sourceTree = "<group>";
		};
		087CB86D2B683A460076414D /* NavigationLayer */ = {
			isa = PBXGroup;
			children = (
				087CB86F2B683A780076414D /* Coordinators */,
				087CB86E2B683A6F0076414D /* Controllers */,
			);
			path = NavigationLayer;
			sourceTree = "<group>";
		};
		087CB86E2B683A6F0076414D /* Controllers */ = {
			isa = PBXGroup;
			children = (
				087CB87E2B6847690076414D /* TabBarController.swift */,
			);
			path = Controllers;
			sourceTree = "<group>";
		};
		087CB86F2B683A780076414D /* Coordinators */ = {
			isa = PBXGroup;
			children = (
				087CB8702B683A940076414D /* Coordinator.swift */,
				087CB8722B6842570076414D /* AppCoordinator.swift */,
				087CB8742B68432D0076414D /* OnboardingCoordinator.swift */,
				08537F502BC298BB00164D46 /* LoginCoordinator.swift */,
				087CB8762B6846E50076414D /* HomeCoordinator.swift */,
				087CB8782B6847060076414D /* OrderCoordinator.swift */,
				087CB87A2B68472A0076414D /* ListCoordinator.swift */,
				087CB87C2B6847470076414D /* ProfileCoordinator.swift */,
			);
			path = Coordinators;
			sourceTree = "<group>";
		};
		08ADF04D2B97B10E0006A502 /* Views */ = {
			isa = PBXGroup;
			children = (
				08ADF0502B97B14D0006A502 /* FDButton.swift */,
				08240B6D2B9B2E2B00B7750F /* FDTextField.swift */,
				08E031652C0CBB240005074B /* FDSearchField.swift */,
				08E031672C0CC7960005074B /* FDCollectionTitle.swift */,
			);
			path = Views;
			sourceTree = "<group>";
		};
		08ADF04E2B97B1180006A502 /* Factory */ = {
			isa = PBXGroup;
			children = (
				08D2EC982B7808BE0075BB8B /* SceneFactory */,
			);
			path = Factory;
			sourceTree = "<group>";
		};
		08ADF04F2B97B1200006A502 /* Scenes */ = {
			isa = PBXGroup;
			children = (
				08F60AEE2BC2C9DA00581278 /* HomeScene */,
				08FC6F2E2B8A3BD4000EBB5F /* AuthScene */,
				08D196142B6E39D0001049D6 /* OnboardingScene */,
			);
			path = Scenes;
			sourceTree = "<group>";
		};
		08D196132B6E3992001049D6 /* UILayer */ = {
			isa = PBXGroup;
			children = (
				08ADF04F2B97B1200006A502 /* Scenes */,
				08ADF04E2B97B1180006A502 /* Factory */,
				08ADF04D2B97B10E0006A502 /* Views */,
			);
			path = UILayer;
			sourceTree = "<group>";
		};
		08D196142B6E39D0001049D6 /* OnboardingScene */ = {
			isa = PBXGroup;
			children = (
				08D196152B6E39EB001049D6 /* OnboardingViewController.swift */,
				08D196172B6E3A18001049D6 /* OnboardingViewPresenter.swift */,
				08D1961E2B6E43D4001049D6 /* OnboardingPartViewController.swift */,
			);
			path = OnboardingScene;
			sourceTree = "<group>";
		};
		08D2EC982B7808BE0075BB8B /* SceneFactory */ = {
			isa = PBXGroup;
			children = (
				08D2EC992B7808F70075BB8B /* SceneFactory.swift */,
			);
			path = SceneFactory;
			sourceTree = "<group>";
		};
		08D4501F2B76B9D000E89AB1 /* ServicesLayer */ = {
			isa = PBXGroup;
			children = (
				08D450202B76B9ED00E89AB1 /* UserStorage.swift */,
			);
			path = ServicesLayer;
			sourceTree = "<group>";
		};
		08E16AA62B64453C001BEB83 = {
			isa = PBXGroup;
			children = (
				08E16AB12B64453C001BEB83 /* FoodDeliveryApp */,
				08E16AB02B64453C001BEB83 /* Products */,
			);
			sourceTree = "<group>";
		};
		08E16AB02B64453C001BEB83 /* Products */ = {
			isa = PBXGroup;
			children = (
				08E16AAF2B64453C001BEB83 /* FoodDeliveryApp.app */,
			);
			name = Products;
			sourceTree = "<group>";
		};
		08E16AB12B64453C001BEB83 /* FoodDeliveryApp */ = {
			isa = PBXGroup;
			children = (
				08D4501F2B76B9D000E89AB1 /* ServicesLayer */,
				08D196132B6E3992001049D6 /* UILayer */,
				087CB86D2B683A460076414D /* NavigationLayer */,
				08E16AC62B644A70001BEB83 /* Resources */,
				08E16AB22B64453C001BEB83 /* AppDelegate.swift */,
				08E16AB42B64453C001BEB83 /* SceneDelegate.swift */,
				08E16AB62B64453C001BEB83 /* ViewController.swift */,
				08E16ABB2B644542001BEB83 /* Assets.xcassets */,
				08E16ABD2B644542001BEB83 /* LaunchScreen.storyboard */,
				08E16AC02B644542001BEB83 /* Info.plist */,
			);
			path = FoodDeliveryApp;
			sourceTree = "<group>";
		};
		08E16AC62B644A70001BEB83 /* Resources */ = {
			isa = PBXGroup;
			children = (
				08E16AE32B644B97001BEB83 /* Extensions */,
				08E16AC72B644A79001BEB83 /* Fonts */,
				08E16AE82B644FE2001BEB83 /* AppColors.swift */,
			);
			path = Resources;
			sourceTree = "<group>";
		};
		08E16AC72B644A79001BEB83 /* Fonts */ = {
			isa = PBXGroup;
			children = (
				08E16AC82B644A88001BEB83 /* Roboto */,
			);
			path = Fonts;
			sourceTree = "<group>";
		};
		08E16AC82B644A88001BEB83 /* Roboto */ = {
			isa = PBXGroup;
			children = (
				08E16AC92B644A88001BEB83 /* LICENSE.txt */,
				08E16ACA2B644A89001BEB83 /* Roboto-Black.ttf */,
				08E16ACB2B644A89001BEB83 /* Roboto-BlackItalic.ttf */,
				08E16ACC2B644A8A001BEB83 /* Roboto-Bold.ttf */,
				08E16ACD2B644A8A001BEB83 /* Roboto-BoldItalic.ttf */,
				08E16ACE2B644A8A001BEB83 /* Roboto-Italic.ttf */,
				08E16ACF2B644A8A001BEB83 /* Roboto-Light.ttf */,
				08E16AD02B644A8A001BEB83 /* Roboto-LightItalic.ttf */,
				08E16AD12B644A8A001BEB83 /* Roboto-Medium.ttf */,
				08E16AD22B644A8A001BEB83 /* Roboto-MediumItalic.ttf */,
				08E16AD32B644A8A001BEB83 /* Roboto-Regular.ttf */,
				08E16AD42B644A8A001BEB83 /* Roboto-Thin.ttf */,
				08E16AD52B644A8A001BEB83 /* Roboto-ThinItalic.ttf */,
			);
			path = Roboto;
			sourceTree = "<group>";
		};
		08E16AE32B644B97001BEB83 /* Extensions */ = {
			isa = PBXGroup;
			children = (
				08E16AE42B644BB7001BEB83 /* UIFont+Extension.swift */,
				08E16AE62B644F7D001BEB83 /* UIColor+Extension.swift */,
			);
			path = Extensions;
			sourceTree = "<group>";
		};
		08F60AEE2BC2C9DA00581278 /* HomeScene */ = {
			isa = PBXGroup;
			children = (
				083EF8AD2CC4634800578C44 /* Presenters */,
				083EF8AA2CC4627300578C44 /* Models */,
				08F60AF12BC2C9FA00581278 /* Views */,
				08F60AF02BC2C9EF00581278 /* Controllers */,
			);
			path = HomeScene;
			sourceTree = "<group>";
		};
		08F60AF02BC2C9EF00581278 /* Controllers */ = {
			isa = PBXGroup;
			children = (
				08F60AF22BC2CA1700581278 /* HomeViewController.swift */,
			);
			path = Controllers;
			sourceTree = "<group>";
		};
		08F60AF12BC2C9FA00581278 /* Views */ = {
			isa = PBXGroup;
			children = (
				08F60AF42BC2CD5100581278 /* CollectionViewCells */,
			);
			path = Views;
			sourceTree = "<group>";
		};
		08F60AF42BC2CD5100581278 /* CollectionViewCells */ = {
			isa = PBXGroup;
			children = (
				08F60AF52BC2CD7600581278 /* SmallHCViewCell.swift */,
				08B786042BE7B5B4000E3C2E /* BigHCViewCell.swift */,
				08B786062BE7BA64000E3C2E /* BigVCViewCell.swift */,
			);
			path = CollectionViewCells;
			sourceTree = "<group>";
		};
		08FC6F2E2B8A3BD4000EBB5F /* AuthScene */ = {
			isa = PBXGroup;
			children = (
				08240B712B9B332A00B7750F /* Presenters */,
				08FC6F322B8A3CC2000EBB5F /* Controllers */,
				08FC6F312B8A3CBD000EBB5F /* Veiws */,
			);
			path = AuthScene;
			sourceTree = "<group>";
		};
		08FC6F312B8A3CBD000EBB5F /* Veiws */ = {
			isa = PBXGroup;
			children = (
				08FC6F342B8A3CF4000EBB5F /* FDBottomView.swift */,
			);
			path = Veiws;
			sourceTree = "<group>";
		};
		08FC6F322B8A3CC2000EBB5F /* Controllers */ = {
			isa = PBXGroup;
			children = (
				08FC6F2F2B8A3C38000EBB5F /* LoginViewController.swift */,
			);
			path = Controllers;
			sourceTree = "<group>";
		};
/* End PBXGroup section */

/* Begin PBXNativeTarget section */
		08E16AAE2B64453C001BEB83 /* FoodDeliveryApp */ = {
			isa = PBXNativeTarget;
			buildConfigurationList = 08E16AC32B644542001BEB83 /* Build configuration list for PBXNativeTarget "FoodDeliveryApp" */;
			buildPhases = (
				08E16AAB2B64453C001BEB83 /* Sources */,
				08E16AAC2B64453C001BEB83 /* Frameworks */,
				08E16AAD2B64453C001BEB83 /* Resources */,
			);
			buildRules = (
			);
			dependencies = (
			);
			name = FoodDeliveryApp;
			productName = FoodDeliveryApp;
			productReference = 08E16AAF2B64453C001BEB83 /* FoodDeliveryApp.app */;
			productType = "com.apple.product-type.application";
		};
/* End PBXNativeTarget section */

/* Begin PBXProject section */
		08E16AA72B64453C001BEB83 /* Project object */ = {
			isa = PBXProject;
			attributes = {
				BuildIndependentTargetsInParallel = 1;
				LastSwiftUpdateCheck = 1510;
				LastUpgradeCheck = 1510;
				TargetAttributes = {
					08E16AAE2B64453C001BEB83 = {
						CreatedOnToolsVersion = 15.1;
					};
				};
			};
			buildConfigurationList = 08E16AAA2B64453C001BEB83 /* Build configuration list for PBXProject "FoodDeliveryApp" */;
			compatibilityVersion = "Xcode 14.0";
			developmentRegion = en;
			hasScannedForEncodings = 0;
			knownRegions = (
				en,
				Base,
			);
			mainGroup = 08E16AA62B64453C001BEB83;
			productRefGroup = 08E16AB02B64453C001BEB83 /* Products */;
			projectDirPath = "";
			projectRoot = "";
			targets = (
				08E16AAE2B64453C001BEB83 /* FoodDeliveryApp */,
			);
		};
/* End PBXProject section */

/* Begin PBXResourcesBuildPhase section */
		08E16AAD2B64453C001BEB83 /* Resources */ = {
			isa = PBXResourcesBuildPhase;
			buildActionMask = 2147483647;
			files = (
				08E16AE22B644A8A001BEB83 /* Roboto-ThinItalic.ttf in Resources */,
				08E16AE12B644A8A001BEB83 /* Roboto-Thin.ttf in Resources */,
				08E16AD62B644A8A001BEB83 /* LICENSE.txt in Resources */,
				08E16ABF2B644542001BEB83 /* LaunchScreen.storyboard in Resources */,
				08E16ADD2B644A8A001BEB83 /* Roboto-LightItalic.ttf in Resources */,
				08E16AD92B644A8A001BEB83 /* Roboto-Bold.ttf in Resources */,
				08E16ADF2B644A8A001BEB83 /* Roboto-MediumItalic.ttf in Resources */,
				08E16AD82B644A8A001BEB83 /* Roboto-BlackItalic.ttf in Resources */,
				08E16ABC2B644542001BEB83 /* Assets.xcassets in Resources */,
				08E16ADB2B644A8A001BEB83 /* Roboto-Italic.ttf in Resources */,
				08E16ADA2B644A8A001BEB83 /* Roboto-BoldItalic.ttf in Resources */,
				08E16ADE2B644A8A001BEB83 /* Roboto-Medium.ttf in Resources */,
				08E16AE02B644A8A001BEB83 /* Roboto-Regular.ttf in Resources */,
				08E16AD72B644A8A001BEB83 /* Roboto-Black.ttf in Resources */,
				08E16ADC2B644A8A001BEB83 /* Roboto-Light.ttf in Resources */,
			);
			runOnlyForDeploymentPostprocessing = 0;
		};
/* End PBXResourcesBuildPhase section */

/* Begin PBXSourcesBuildPhase section */
		08E16AAB2B64453C001BEB83 /* Sources */ = {
			isa = PBXSourcesBuildPhase;
			buildActionMask = 2147483647;
			files = (
				08E16AB72B64453C001BEB83 /* ViewController.swift in Sources */,
				08E16AB32B64453C001BEB83 /* AppDelegate.swift in Sources */,
				08B786052BE7B5B4000E3C2E /* BigHCViewCell.swift in Sources */,
				08E16AE52B644BB7001BEB83 /* UIFont+Extension.swift in Sources */,
				08E16AE92B644FE2001BEB83 /* AppColors.swift in Sources */,
				087CB8752B68432D0076414D /* OnboardingCoordinator.swift in Sources */,
				087CB8732B6842570076414D /* AppCoordinator.swift in Sources */,
				087CB8792B6847060076414D /* OrderCoordinator.swift in Sources */,
				08240B6E2B9B2E2B00B7750F /* FDTextField.swift in Sources */,
				08D196162B6E39EB001049D6 /* OnboardingViewController.swift in Sources */,
				08FC6F302B8A3C38000EBB5F /* LoginViewController.swift in Sources */,
				08E16AB52B64453C001BEB83 /* SceneDelegate.swift in Sources */,
				08F60AF32BC2CA1700581278 /* HomeViewController.swift in Sources */,
				087CB87D2B6847470076414D /* ProfileCoordinator.swift in Sources */,
				08E031662C0CBB240005074B /* FDSearchField.swift in Sources */,
				087CB87B2B68472A0076414D /* ListCoordinator.swift in Sources */,
				08F60AF62BC2CD7600581278 /* SmallHCViewCell.swift in Sources */,
				087CB8772B6846E50076414D /* HomeCoordinator.swift in Sources */,
				087CB87F2B6847690076414D /* TabBarController.swift in Sources */,
				08240B732B9B335500B7750F /* LoginPresenter.swift in Sources */,
				08D1961F2B6E43D4001049D6 /* OnboardingPartViewController.swift in Sources */,
				08537F512BC298BB00164D46 /* LoginCoordinator.swift in Sources */,
				08D450212B76B9ED00E89AB1 /* UserStorage.swift in Sources */,
				08D2EC9A2B7808F70075BB8B /* SceneFactory.swift in Sources */,
				08E16AE72B644F7D001BEB83 /* UIColor+Extension.swift in Sources */,
				08FC6F352B8A3CF4000EBB5F /* FDBottomView.swift in Sources */,
				08ADF0512B97B14D0006A502 /* FDButton.swift in Sources */,
				08B786072BE7BA64000E3C2E /* BigVCViewCell.swift in Sources */,
				083EF8B12CC4636100578C44 /* HomePresenter.swift in Sources */,
				08D196182B6E3A18001049D6 /* OnboardingViewPresenter.swift in Sources */,
				083EF8AC2CC4629000578C44 /* FoodCategory.swift in Sources */,
				08E031682C0CC7960005074B /* FDCollectionTitle.swift in Sources */,
				087CB8712B683A940076414D /* Coordinator.swift in Sources */,
			);
			runOnlyForDeploymentPostprocessing = 0;
		};
/* End PBXSourcesBuildPhase section */

/* Begin PBXVariantGroup section */
		08E16ABD2B644542001BEB83 /* LaunchScreen.storyboard */ = {
			isa = PBXVariantGroup;
			children = (
				08E16ABE2B644542001BEB83 /* Base */,
			);
			name = LaunchScreen.storyboard;
			sourceTree = "<group>";
		};
/* End PBXVariantGroup section */

/* Begin XCBuildConfiguration section */
		08E16AC12B644542001BEB83 /* Debug */ = {
			isa = XCBuildConfiguration;
			buildSettings = {
				ALWAYS_SEARCH_USER_PATHS = NO;
				ASSETCATALOG_COMPILER_GENERATE_SWIFT_ASSET_SYMBOL_EXTENSIONS = YES;
				CLANG_ANALYZER_NONNULL = YES;
				CLANG_ANALYZER_NUMBER_OBJECT_CONVERSION = YES_AGGRESSIVE;
				CLANG_CXX_LANGUAGE_STANDARD = "gnu++20";
				CLANG_ENABLE_MODULES = YES;
				CLANG_ENABLE_OBJC_ARC = YES;
				CLANG_ENABLE_OBJC_WEAK = YES;
				CLANG_WARN_BLOCK_CAPTURE_AUTORELEASING = YES;
				CLANG_WARN_BOOL_CONVERSION = YES;
				CLANG_WARN_COMMA = YES;
				CLANG_WARN_CONSTANT_CONVERSION = YES;
				CLANG_WARN_DEPRECATED_OBJC_IMPLEMENTATIONS = YES;
				CLANG_WARN_DIRECT_OBJC_ISA_USAGE = YES_ERROR;
				CLANG_WARN_DOCUMENTATION_COMMENTS = YES;
				CLANG_WARN_EMPTY_BODY = YES;
				CLANG_WARN_ENUM_CONVERSION = YES;
				CLANG_WARN_INFINITE_RECURSION = YES;
				CLANG_WARN_INT_CONVERSION = YES;
				CLANG_WARN_NON_LITERAL_NULL_CONVERSION = YES;
				CLANG_WARN_OBJC_IMPLICIT_RETAIN_SELF = YES;
				CLANG_WARN_OBJC_LITERAL_CONVERSION = YES;
				CLANG_WARN_OBJC_ROOT_CLASS = YES_ERROR;
				CLANG_WARN_QUOTED_INCLUDE_IN_FRAMEWORK_HEADER = YES;
				CLANG_WARN_RANGE_LOOP_ANALYSIS = YES;
				CLANG_WARN_STRICT_PROTOTYPES = YES;
				CLANG_WARN_SUSPICIOUS_MOVE = YES;
				CLANG_WARN_UNGUARDED_AVAILABILITY = YES_AGGRESSIVE;
				CLANG_WARN_UNREACHABLE_CODE = YES;
				CLANG_WARN__DUPLICATE_METHOD_MATCH = YES;
				COPY_PHASE_STRIP = NO;
				DEBUG_INFORMATION_FORMAT = dwarf;
				ENABLE_STRICT_OBJC_MSGSEND = YES;
				ENABLE_TESTABILITY = YES;
				ENABLE_USER_SCRIPT_SANDBOXING = YES;
				GCC_C_LANGUAGE_STANDARD = gnu17;
				GCC_DYNAMIC_NO_PIC = NO;
				GCC_NO_COMMON_BLOCKS = YES;
				GCC_OPTIMIZATION_LEVEL = 0;
				GCC_PREPROCESSOR_DEFINITIONS = (
					"DEBUG=1",
					"$(inherited)",
				);
				GCC_WARN_64_TO_32_BIT_CONVERSION = YES;
				GCC_WARN_ABOUT_RETURN_TYPE = YES_ERROR;
				GCC_WARN_UNDECLARED_SELECTOR = YES;
				GCC_WARN_UNINITIALIZED_AUTOS = YES_AGGRESSIVE;
				GCC_WARN_UNUSED_FUNCTION = YES;
				GCC_WARN_UNUSED_VARIABLE = YES;
				IPHONEOS_DEPLOYMENT_TARGET = 15.0;
				LOCALIZATION_PREFERS_STRING_CATALOGS = YES;
				MTL_ENABLE_DEBUG_INFO = INCLUDE_SOURCE;
				MTL_FAST_MATH = YES;
				ONLY_ACTIVE_ARCH = YES;
				SDKROOT = iphoneos;
				SWIFT_ACTIVE_COMPILATION_CONDITIONS = "DEBUG $(inherited)";
				SWIFT_OPTIMIZATION_LEVEL = "-Onone";
			};
			name = Debug;
		};
		08E16AC22B644542001BEB83 /* Release */ = {
			isa = XCBuildConfiguration;
			buildSettings = {
				ALWAYS_SEARCH_USER_PATHS = NO;
				ASSETCATALOG_COMPILER_GENERATE_SWIFT_ASSET_SYMBOL_EXTENSIONS = YES;
				CLANG_ANALYZER_NONNULL = YES;
				CLANG_ANALYZER_NUMBER_OBJECT_CONVERSION = YES_AGGRESSIVE;
				CLANG_CXX_LANGUAGE_STANDARD = "gnu++20";
				CLANG_ENABLE_MODULES = YES;
				CLANG_ENABLE_OBJC_ARC = YES;
				CLANG_ENABLE_OBJC_WEAK = YES;
				CLANG_WARN_BLOCK_CAPTURE_AUTORELEASING = YES;
				CLANG_WARN_BOOL_CONVERSION = YES;
				CLANG_WARN_COMMA = YES;
				CLANG_WARN_CONSTANT_CONVERSION = YES;
				CLANG_WARN_DEPRECATED_OBJC_IMPLEMENTATIONS = YES;
				CLANG_WARN_DIRECT_OBJC_ISA_USAGE = YES_ERROR;
				CLANG_WARN_DOCUMENTATION_COMMENTS = YES;
				CLANG_WARN_EMPTY_BODY = YES;
				CLANG_WARN_ENUM_CONVERSION = YES;
				CLANG_WARN_INFINITE_RECURSION = YES;
				CLANG_WARN_INT_CONVERSION = YES;
				CLANG_WARN_NON_LITERAL_NULL_CONVERSION = YES;
				CLANG_WARN_OBJC_IMPLICIT_RETAIN_SELF = YES;
				CLANG_WARN_OBJC_LITERAL_CONVERSION = YES;
				CLANG_WARN_OBJC_ROOT_CLASS = YES_ERROR;
				CLANG_WARN_QUOTED_INCLUDE_IN_FRAMEWORK_HEADER = YES;
				CLANG_WARN_RANGE_LOOP_ANALYSIS = YES;
				CLANG_WARN_STRICT_PROTOTYPES = YES;
				CLANG_WARN_SUSPICIOUS_MOVE = YES;
				CLANG_WARN_UNGUARDED_AVAILABILITY = YES_AGGRESSIVE;
				CLANG_WARN_UNREACHABLE_CODE = YES;
				CLANG_WARN__DUPLICATE_METHOD_MATCH = YES;
				COPY_PHASE_STRIP = NO;
				DEBUG_INFORMATION_FORMAT = "dwarf-with-dsym";
				ENABLE_NS_ASSERTIONS = NO;
				ENABLE_STRICT_OBJC_MSGSEND = YES;
				ENABLE_USER_SCRIPT_SANDBOXING = YES;
				GCC_C_LANGUAGE_STANDARD = gnu17;
				GCC_NO_COMMON_BLOCKS = YES;
				GCC_WARN_64_TO_32_BIT_CONVERSION = YES;
				GCC_WARN_ABOUT_RETURN_TYPE = YES_ERROR;
				GCC_WARN_UNDECLARED_SELECTOR = YES;
				GCC_WARN_UNINITIALIZED_AUTOS = YES_AGGRESSIVE;
				GCC_WARN_UNUSED_FUNCTION = YES;
				GCC_WARN_UNUSED_VARIABLE = YES;
				IPHONEOS_DEPLOYMENT_TARGET = 15.0;
				LOCALIZATION_PREFERS_STRING_CATALOGS = YES;
				MTL_ENABLE_DEBUG_INFO = NO;
				MTL_FAST_MATH = YES;
				SDKROOT = iphoneos;
				SWIFT_COMPILATION_MODE = wholemodule;
				VALIDATE_PRODUCT = YES;
			};
			name = Release;
		};
		08E16AC42B644542001BEB83 /* Debug */ = {
			isa = XCBuildConfiguration;
			buildSettings = {
				ASSETCATALOG_COMPILER_APPICON_NAME = AppIcon;
				ASSETCATALOG_COMPILER_GLOBAL_ACCENT_COLOR_NAME = AccentColor;
				CODE_SIGN_STYLE = Automatic;
				CURRENT_PROJECT_VERSION = 1;
				DEVELOPMENT_TEAM = Y8WAQNS7U8;
				GENERATE_INFOPLIST_FILE = YES;
				INFOPLIST_FILE = FoodDeliveryApp/Info.plist;
				INFOPLIST_KEY_UIApplicationSupportsIndirectInputEvents = YES;
				INFOPLIST_KEY_UILaunchStoryboardName = LaunchScreen;
				INFOPLIST_KEY_UISupportedInterfaceOrientations_iPad = "UIInterfaceOrientationPortrait UIInterfaceOrientationPortraitUpsideDown UIInterfaceOrientationLandscapeLeft UIInterfaceOrientationLandscapeRight";
				INFOPLIST_KEY_UISupportedInterfaceOrientations_iPhone = "UIInterfaceOrientationPortrait UIInterfaceOrientationLandscapeLeft UIInterfaceOrientationLandscapeRight";
				IPHONEOS_DEPLOYMENT_TARGET = 15.0;
				LD_RUNPATH_SEARCH_PATHS = (
					"$(inherited)",
					"@executable_path/Frameworks",
				);
				MARKETING_VERSION = 1.0;
				PRODUCT_BUNDLE_IDENTIFIER = ru.lexone.FoodDeliveryApp;
				PRODUCT_NAME = "$(TARGET_NAME)";
				SWIFT_EMIT_LOC_STRINGS = YES;
				SWIFT_VERSION = 5.0;
				TARGETED_DEVICE_FAMILY = "1,2";
			};
			name = Debug;
		};
		08E16AC52B644542001BEB83 /* Release */ = {
			isa = XCBuildConfiguration;
			buildSettings = {
				ASSETCATALOG_COMPILER_APPICON_NAME = AppIcon;
				ASSETCATALOG_COMPILER_GLOBAL_ACCENT_COLOR_NAME = AccentColor;
				CODE_SIGN_STYLE = Automatic;
				CURRENT_PROJECT_VERSION = 1;
				DEVELOPMENT_TEAM = Y8WAQNS7U8;
				GENERATE_INFOPLIST_FILE = YES;
				INFOPLIST_FILE = FoodDeliveryApp/Info.plist;
				INFOPLIST_KEY_UIApplicationSupportsIndirectInputEvents = YES;
				INFOPLIST_KEY_UILaunchStoryboardName = LaunchScreen;
				INFOPLIST_KEY_UISupportedInterfaceOrientations_iPad = "UIInterfaceOrientationPortrait UIInterfaceOrientationPortraitUpsideDown UIInterfaceOrientationLandscapeLeft UIInterfaceOrientationLandscapeRight";
				INFOPLIST_KEY_UISupportedInterfaceOrientations_iPhone = "UIInterfaceOrientationPortrait UIInterfaceOrientationLandscapeLeft UIInterfaceOrientationLandscapeRight";
				IPHONEOS_DEPLOYMENT_TARGET = 15.0;
				LD_RUNPATH_SEARCH_PATHS = (
					"$(inherited)",
					"@executable_path/Frameworks",
				);
				MARKETING_VERSION = 1.0;
				PRODUCT_BUNDLE_IDENTIFIER = ru.lexone.FoodDeliveryApp;
				PRODUCT_NAME = "$(TARGET_NAME)";
				SWIFT_EMIT_LOC_STRINGS = YES;
				SWIFT_VERSION = 5.0;
				TARGETED_DEVICE_FAMILY = "1,2";
			};
			name = Release;
		};
/* End XCBuildConfiguration section */

/* Begin XCConfigurationList section */
		08E16AAA2B64453C001BEB83 /* Build configuration list for PBXProject "FoodDeliveryApp" */ = {
			isa = XCConfigurationList;
			buildConfigurations = (
				08E16AC12B644542001BEB83 /* Debug */,
				08E16AC22B644542001BEB83 /* Release */,
			);
			defaultConfigurationIsVisible = 0;
			defaultConfigurationName = Release;
		};
		08E16AC32B644542001BEB83 /* Build configuration list for PBXNativeTarget "FoodDeliveryApp" */ = {
			isa = XCConfigurationList;
			buildConfigurations = (
				08E16AC42B644542001BEB83 /* Debug */,
				08E16AC52B644542001BEB83 /* Release */,
			);
			defaultConfigurationIsVisible = 0;
			defaultConfigurationName = Release;
		};
/* End XCConfigurationList section */
	};
	rootObject = 08E16AA72B64453C001BEB83 /* Project object */;
}
